PODS:
  - Mobile-Buy-SDK (3.4.0)
  - SVProgressHUD (2.2.5)

DEPENDENCIES:
  - Mobile-Buy-SDK
  - SVProgressHUD

SPEC REPOS:
  https://github.com/cocoapods/specs.git:
    - Mobile-Buy-SDK
    - SVProgressHUD

SPEC CHECKSUMS:
  Mobile-Buy-SDK: 3ae8e0ba33b62abaf3739b68778d2ed63732d67c
  SVProgressHUD: 1428aafac632c1f86f62aa4243ec12008d7a51d6

PODFILE CHECKSUM: bf2511b3527ce834e6b9bd0709453a5976192691

COCOAPODS: 1.5.3
